<?xml version="1.0" encoding="UTF-8"?>
<!DOCTYPE plist PUBLIC "-//Apple//DTD PLIST 1.0//EN" "http://www.apple.com/DTDs/PropertyList-1.0.dtd">
<plist version="1.0">
<dict>
	<key>archiveVersion</key>
	<string>1</string>
	<key>classes</key>
	<dict/>
	<key>objectVersion</key>
	<string>46</string>
	<key>objects</key>
	<dict>
		<key>0522582D13144433927102AF</key>
		<dict>
			<key>explicitFileType</key>
			<string>archive.ar</string>
			<key>includeInIndex</key>
			<string>0</string>
			<key>isa</key>
			<string>PBXFileReference</string>
			<key>path</key>
			<string>libPods-Baker.a</string>
			<key>sourceTree</key>
			<string>BUILT_PRODUCTS_DIR</string>
		</dict>
		<key>20CC551D16AD346900DEFB5C</key>
		<dict>
			<key>fileRef</key>
			<string>20CC551F16AD346900DEFB5C</string>
			<key>isa</key>
			<string>PBXBuildFile</string>
		</dict>
		<key>20CC551E16AD346900DEFB5C</key>
		<dict>
			<key>isa</key>
			<string>PBXFileReference</string>
			<key>lastKnownFileType</key>
			<string>text.plist.strings</string>
			<key>name</key>
			<string>en</string>
			<key>path</key>
			<string>en.lproj/Localizable.strings</string>
			<key>sourceTree</key>
			<string>&lt;group&gt;</string>
		</dict>
		<key>20CC551F16AD346900DEFB5C</key>
		<dict>
			<key>children</key>
			<array>
				<string>20CC551E16AD346900DEFB5C</string>
			</array>
			<key>isa</key>
			<string>PBXVariantGroup</string>
			<key>name</key>
			<string>Localizable.strings</string>
			<key>sourceTree</key>
			<string>&lt;group&gt;</string>
		</dict>
		<key>6B171D00A43A471FB162B202</key>
		<dict>
			<key>buildActionMask</key>
			<string>2147483647</string>
			<key>files</key>
			<array/>
			<key>inputPaths</key>
			<array/>
			<key>isa</key>
			<string>PBXShellScriptBuildPhase</string>
			<key>name</key>
			<string>Check Pods Manifest.lock</string>
			<key>outputPaths</key>
			<array/>
			<key>runOnlyForDeploymentPostprocessing</key>
			<string>0</string>
			<key>shellPath</key>
			<string>/bin/sh</string>
			<key>shellScript</key>
			<string>diff "${PODS_ROOT}/../Podfile.lock" "${PODS_ROOT}/Manifest.lock" &gt; /dev/null
if [[ $? != 0 ]] ; then
    cat &lt;&lt; EOM
error: The sandbox is not in sync with the Podfile.lock. Run 'pod install' or update your CocoaPods installation.
EOM
    exit 1
fi
</string>
			<key>showEnvVarsInLog</key>
			<string>0</string>
		</dict>
		<key>919179A16A9D43A398F25E1C</key>
		<dict>
			<key>fileRef</key>
			<string>0522582D13144433927102AF</string>
			<key>isa</key>
			<string>PBXBuildFile</string>
		</dict>
		<key>9B29F401D5CA4032A492F8EC</key>
		<dict>
			<key>includeInIndex</key>
			<string>1</string>
			<key>isa</key>
			<string>PBXFileReference</string>
			<key>lastKnownFileType</key>
			<string>text.xcconfig</string>
			<key>name</key>
			<string>Pods-Baker.xcconfig</string>
			<key>path</key>
			<string>Pods/Pods-Baker.xcconfig</string>
			<key>sourceTree</key>
			<string>&lt;group&gt;</string>
		</dict>
		<key>9F55576515B4C6B7003072A3</key>
		<dict>
			<key>isa</key>
			<string>PBXFileReference</string>
			<key>lastKnownFileType</key>
			<string>wrapper.framework</string>
			<key>name</key>
			<string>QuartzCore.framework</string>
			<key>path</key>
			<string>System/Library/Frameworks/QuartzCore.framework</string>
			<key>sourceTree</key>
			<string>SDKROOT</string>
		</dict>
		<key>9F55576815B4C6C3003072A3</key>
		<dict>
			<key>fileRef</key>
			<string>9F55576515B4C6B7003072A3</string>
			<key>isa</key>
			<string>PBXBuildFile</string>
		</dict>
		<key>9F58D84D15D66E870027902C</key>
		<dict>
			<key>fileEncoding</key>
			<string>4</string>
			<key>isa</key>
			<string>PBXFileReference</string>
			<key>lastKnownFileType</key>
			<string>sourcecode.c.h</string>
			<key>path</key>
			<string>UICustomNavigationBar.h</string>
			<key>sourceTree</key>
			<string>&lt;group&gt;</string>
		</dict>
		<key>9F58D84E15D66E870027902C</key>
		<dict>
			<key>fileEncoding</key>
			<string>4</string>
			<key>isa</key>
			<string>PBXFileReference</string>
			<key>lastKnownFileType</key>
			<string>sourcecode.c.objc</string>
			<key>path</key>
			<string>UICustomNavigationBar.m</string>
			<key>sourceTree</key>
			<string>&lt;group&gt;</string>
		</dict>
		<key>9F58D84F15D66E870027902C</key>
		<dict>
			<key>fileEncoding</key>
			<string>4</string>
			<key>isa</key>
			<string>PBXFileReference</string>
			<key>lastKnownFileType</key>
			<string>sourcecode.c.h</string>
			<key>path</key>
			<string>UICustomNavigationController.h</string>
			<key>sourceTree</key>
			<string>&lt;group&gt;</string>
		</dict>
		<key>9F58D85015D66E870027902C</key>
		<dict>
			<key>fileEncoding</key>
			<string>4</string>
			<key>isa</key>
			<string>PBXFileReference</string>
			<key>lastKnownFileType</key>
			<string>sourcecode.c.objc</string>
			<key>path</key>
			<string>UICustomNavigationController.m</string>
			<key>sourceTree</key>
			<string>&lt;group&gt;</string>
		</dict>
		<key>9F58D85115D66E870027902C</key>
		<dict>
			<key>fileRef</key>
			<string>9F58D84E15D66E870027902C</string>
			<key>isa</key>
			<string>PBXBuildFile</string>
		</dict>
		<key>9F58D85215D66E870027902C</key>
		<dict>
			<key>fileRef</key>
			<string>9F58D85015D66E870027902C</string>
			<key>isa</key>
			<string>PBXBuildFile</string>
		</dict>
		<key>9F58D85E15D6743C0027902C</key>
		<dict>
			<key>children</key>
			<array/>
			<key>isa</key>
			<string>PBXGroup</string>
			<key>path</key>
			<string>img</string>
			<key>sourceTree</key>
			<string>&lt;group&gt;</string>
		</dict>
		<key>9F5EB3BB15FCA3A100E13796</key>
		<dict>
			<key>fileEncoding</key>
			<string>4</string>
			<key>isa</key>
			<string>PBXFileReference</string>
			<key>lastKnownFileType</key>
			<string>sourcecode.c.h</string>
			<key>path</key>
			<string>NSString+Extensions.h</string>
			<key>sourceTree</key>
			<string>&lt;group&gt;</string>
		</dict>
		<key>9F5EB3BC15FCA3A100E13796</key>
		<dict>
			<key>fileEncoding</key>
			<string>4</string>
			<key>isa</key>
			<string>PBXFileReference</string>
			<key>lastKnownFileType</key>
			<string>sourcecode.c.objc</string>
			<key>path</key>
			<string>NSString+Extensions.m</string>
			<key>sourceTree</key>
			<string>&lt;group&gt;</string>
		</dict>
		<key>9F5EB3BD15FCA3A100E13796</key>
		<dict>
			<key>fileRef</key>
			<string>9F5EB3BC15FCA3A100E13796</string>
			<key>isa</key>
			<string>PBXBuildFile</string>
		</dict>
		<key>9F8FC1C215C55E8C0065F0A3</key>
		<dict>
			<key>fileEncoding</key>
			<string>4</string>
			<key>isa</key>
			<string>PBXFileReference</string>
			<key>lastKnownFileType</key>
			<string>sourcecode.c.h</string>
			<key>path</key>
			<string>BakerBook.h</string>
			<key>sourceTree</key>
			<string>&lt;group&gt;</string>
		</dict>
		<key>9F8FC1C315C55E8C0065F0A3</key>
		<dict>
			<key>fileEncoding</key>
			<string>4</string>
			<key>isa</key>
			<string>PBXFileReference</string>
			<key>lastKnownFileType</key>
			<string>sourcecode.c.objc</string>
			<key>path</key>
			<string>BakerBook.m</string>
			<key>sourceTree</key>
			<string>&lt;group&gt;</string>
		</dict>
		<key>9F8FC1C415C55E8C0065F0A3</key>
		<dict>
			<key>fileRef</key>
			<string>9F8FC1C315C55E8C0065F0A3</string>
			<key>isa</key>
			<string>PBXBuildFile</string>
		</dict>
		<key>9FAB40D8162B13CF0088E9C1</key>
		<dict>
			<key>fileEncoding</key>
			<string>4</string>
			<key>isa</key>
			<string>PBXFileReference</string>
			<key>lastKnownFileType</key>
			<string>sourcecode.c.h</string>
			<key>path</key>
			<string>UIColor+Extensions.h</string>
			<key>sourceTree</key>
			<string>&lt;group&gt;</string>
		</dict>
		<key>9FAB40D9162B13CF0088E9C1</key>
		<dict>
			<key>fileEncoding</key>
			<string>4</string>
			<key>isa</key>
			<string>PBXFileReference</string>
			<key>lastKnownFileType</key>
			<string>sourcecode.c.objc</string>
			<key>path</key>
			<string>UIColor+Extensions.m</string>
			<key>sourceTree</key>
			<string>&lt;group&gt;</string>
		</dict>
		<key>9FAB40DA162B13CF0088E9C1</key>
		<dict>
			<key>fileRef</key>
			<string>9FAB40D9162B13CF0088E9C1</string>
			<key>isa</key>
			<string>PBXBuildFile</string>
		</dict>
		<key>9FF7957E15B4C4F600899E51</key>
		<dict>
			<key>children</key>
			<array>
				<string>ABD6FC3E16544EAD0032BC44</string>
				<string>ABD6FC3F16544EAD0032BC44</string>
				<string>9F5EB3BB15FCA3A100E13796</string>
				<string>9F5EB3BC15FCA3A100E13796</string>
				<string>9FAB40D8162B13CF0088E9C1</string>
				<string>9FAB40D9162B13CF0088E9C1</string>
				<string>AB246A2F16C5BC6E00715E25</string>
				<string>AB246A3016C5BC6E00715E25</string>
				<string>ABBFD8F016C6614300BA64A4</string>
				<string>ABBFD8F116C6614300BA64A4</string>
				<string>ABADF3F716C7BAD900F52F3C</string>
				<string>ABADF3F816C7BAD900F52F3C</string>
				<string>AB67F5B816EE99B2005A04F6</string>
				<string>AB67F5B916EE99B2005A04F6</string>
			</array>
			<key>isa</key>
			<string>PBXGroup</string>
			<key>path</key>
			<string>lib</string>
			<key>sourceTree</key>
			<string>&lt;group&gt;</string>
		</dict>
		<key>9FF795A515B4C57D00899E51</key>
		<dict>
			<key>fileEncoding</key>
			<string>4</string>
			<key>isa</key>
			<string>PBXFileReference</string>
			<key>lastKnownFileType</key>
			<string>sourcecode.c.h</string>
			<key>path</key>
			<string>ShelfViewController.h</string>
			<key>sourceTree</key>
			<string>&lt;group&gt;</string>
		</dict>
		<key>9FF795A615B4C57E00899E51</key>
		<dict>
			<key>fileEncoding</key>
			<string>4</string>
			<key>isa</key>
			<string>PBXFileReference</string>
			<key>lastKnownFileType</key>
			<string>sourcecode.c.objc</string>
			<key>path</key>
			<string>ShelfViewController.m</string>
			<key>sourceTree</key>
			<string>&lt;group&gt;</string>
		</dict>
		<key>9FF795A715B4C57E00899E51</key>
		<dict>
			<key>fileRef</key>
			<string>9FF795A615B4C57E00899E51</string>
			<key>isa</key>
			<string>PBXBuildFile</string>
		</dict>
		<key>AB2317D2169F808000BE3BE7</key>
		<dict>
			<key>fileEncoding</key>
			<string>4</string>
			<key>isa</key>
			<string>PBXFileReference</string>
			<key>lastKnownFileType</key>
			<string>sourcecode.c.h</string>
			<key>path</key>
			<string>PurchasesManager.h</string>
			<key>sourceTree</key>
			<string>&lt;group&gt;</string>
		</dict>
		<key>AB2317D3169F808000BE3BE7</key>
		<dict>
			<key>fileEncoding</key>
			<string>4</string>
			<key>isa</key>
			<string>PBXFileReference</string>
			<key>lastKnownFileType</key>
			<string>sourcecode.c.objc</string>
			<key>path</key>
			<string>PurchasesManager.m</string>
			<key>sourceTree</key>
			<string>&lt;group&gt;</string>
		</dict>
		<key>AB2317D4169F808000BE3BE7</key>
		<dict>
			<key>fileRef</key>
			<string>AB2317D3169F808000BE3BE7</string>
			<key>isa</key>
			<string>PBXBuildFile</string>
		</dict>
		<key>AB246A2F16C5BC6E00715E25</key>
		<dict>
			<key>fileEncoding</key>
			<string>4</string>
			<key>isa</key>
			<string>PBXFileReference</string>
			<key>lastKnownFileType</key>
			<string>sourcecode.c.h</string>
			<key>path</key>
			<string>NSMutableURLRequest+WebServiceClient.h</string>
			<key>sourceTree</key>
			<string>&lt;group&gt;</string>
		</dict>
		<key>AB246A3016C5BC6E00715E25</key>
		<dict>
			<key>fileEncoding</key>
			<string>4</string>
			<key>isa</key>
			<string>PBXFileReference</string>
			<key>lastKnownFileType</key>
			<string>sourcecode.c.objc</string>
			<key>path</key>
			<string>NSMutableURLRequest+WebServiceClient.m</string>
			<key>sourceTree</key>
			<string>&lt;group&gt;</string>
		</dict>
		<key>AB246A3116C5BC6E00715E25</key>
		<dict>
			<key>fileRef</key>
			<string>AB246A3016C5BC6E00715E25</string>
			<key>isa</key>
			<string>PBXBuildFile</string>
		</dict>
		<key>AB26004F16011D9D00E9AA66</key>
		<dict>
			<key>fileEncoding</key>
			<string>4</string>
			<key>isa</key>
			<string>PBXFileReference</string>
			<key>lastKnownFileType</key>
			<string>sourcecode.c.h</string>
			<key>path</key>
			<string>BakerBookStatus.h</string>
			<key>sourceTree</key>
			<string>&lt;group&gt;</string>
		</dict>
		<key>AB26005016011D9D00E9AA66</key>
		<dict>
			<key>fileEncoding</key>
			<string>4</string>
			<key>isa</key>
			<string>PBXFileReference</string>
			<key>lastKnownFileType</key>
			<string>sourcecode.c.objc</string>
			<key>path</key>
			<string>BakerBookStatus.m</string>
			<key>sourceTree</key>
			<string>&lt;group&gt;</string>
		</dict>
		<key>AB26005116011D9D00E9AA66</key>
		<dict>
			<key>fileRef</key>
			<string>AB26005016011D9D00E9AA66</string>
			<key>isa</key>
			<string>PBXBuildFile</string>
		</dict>
		<key>AB3496BB1661472A00AEB508</key>
		<dict>
			<key>isa</key>
			<string>PBXFileReference</string>
			<key>lastKnownFileType</key>
			<string>sourcecode.c.h</string>
			<key>path</key>
			<string>UIConstants.h</string>
			<key>sourceTree</key>
			<string>&lt;group&gt;</string>
		</dict>
		<key>AB379313161759A900B4C1A3</key>
		<dict>
			<key>fileEncoding</key>
			<string>4</string>
			<key>isa</key>
			<string>PBXFileReference</string>
			<key>lastKnownFileType</key>
			<string>sourcecode.c.h</string>
			<key>path</key>
			<string>Constants.h</string>
			<key>sourceTree</key>
			<string>&lt;group&gt;</string>
		</dict>
		<key>AB40042915B4B83000D87E2A</key>
		<dict>
			<key>children</key>
			<array>
				<string>AB40042E15B4B83000D87E2A</string>
				<string>AB40043715B4B83000D87E2A</string>
				<string>AB40045015B4B83000D87E2A</string>
				<string>9F8FC1C215C55E8C0065F0A3</string>
				<string>9F8FC1C315C55E8C0065F0A3</string>
				<string>AB26004F16011D9D00E9AA66</string>
				<string>AB26005016011D9D00E9AA66</string>
				<string>AB40042A15B4B83000D87E2A</string>
				<string>AB40042B15B4B83000D87E2A</string>
				<string>AB40043315B4B83000D87E2A</string>
				<string>AB40043415B4B83000D87E2A</string>
				<string>AB40043515B4B83000D87E2A</string>
				<string>AB40043615B4B83000D87E2A</string>
				<string>AB40044C15B4B83000D87E2A</string>
				<string>AB40044D15B4B83000D87E2A</string>
			</array>
			<key>isa</key>
			<string>PBXGroup</string>
			<key>path</key>
			<string>BakerView</string>
			<key>sourceTree</key>
			<string>&lt;group&gt;</string>
		</dict>
		<key>AB40042A15B4B83000D87E2A</key>
		<dict>
			<key>fileEncoding</key>
			<string>4</string>
			<key>isa</key>
			<string>PBXFileReference</string>
			<key>lastKnownFileType</key>
			<string>sourcecode.c.h</string>
			<key>path</key>
			<string>BakerViewController.h</string>
			<key>sourceTree</key>
			<string>&lt;group&gt;</string>
		</dict>
		<key>AB40042B15B4B83000D87E2A</key>
		<dict>
			<key>fileEncoding</key>
			<string>4</string>
			<key>isa</key>
			<string>PBXFileReference</string>
			<key>lastKnownFileType</key>
			<string>sourcecode.c.objc</string>
			<key>path</key>
			<string>BakerViewController.m</string>
			<key>sourceTree</key>
			<string>&lt;group&gt;</string>
		</dict>
		<key>AB40042E15B4B83000D87E2A</key>
		<dict>
			<key>children</key>
			<array/>
			<key>isa</key>
			<string>PBXGroup</string>
			<key>path</key>
			<string>img</string>
			<key>sourceTree</key>
			<string>&lt;group&gt;</string>
		</dict>
		<key>AB40043315B4B83000D87E2A</key>
		<dict>
			<key>fileEncoding</key>
			<string>4</string>
			<key>isa</key>
			<string>PBXFileReference</string>
			<key>lastKnownFileType</key>
			<string>sourcecode.c.h</string>
			<key>path</key>
			<string>IndexViewController.h</string>
			<key>sourceTree</key>
			<string>&lt;group&gt;</string>
		</dict>
		<key>AB40043415B4B83000D87E2A</key>
		<dict>
			<key>fileEncoding</key>
			<string>4</string>
			<key>isa</key>
			<string>PBXFileReference</string>
			<key>lastKnownFileType</key>
			<string>sourcecode.c.objc</string>
			<key>path</key>
			<string>IndexViewController.m</string>
			<key>sourceTree</key>
			<string>&lt;group&gt;</string>
		</dict>
		<key>AB40043515B4B83000D87E2A</key>
		<dict>
			<key>fileEncoding</key>
			<string>4</string>
			<key>isa</key>
			<string>PBXFileReference</string>
			<key>lastKnownFileType</key>
			<string>sourcecode.c.h</string>
			<key>path</key>
			<string>InterceptorWindow.h</string>
			<key>sourceTree</key>
			<string>&lt;group&gt;</string>
		</dict>
		<key>AB40043615B4B83000D87E2A</key>
		<dict>
			<key>fileEncoding</key>
			<string>4</string>
			<key>isa</key>
			<string>PBXFileReference</string>
			<key>lastKnownFileType</key>
			<string>sourcecode.c.objc</string>
			<key>path</key>
			<string>InterceptorWindow.m</string>
			<key>sourceTree</key>
			<string>&lt;group&gt;</string>
		</dict>
		<key>AB40043715B4B83000D87E2A</key>
		<dict>
			<key>children</key>
			<array>
				<string>AB40043E15B4B83000D87E2A</string>
				<string>AB40043815B4B83000D87E2A</string>
				<string>AB40043915B4B83000D87E2A</string>
				<string>AB40043A15B4B83000D87E2A</string>
				<string>AB40044815B4B83000D87E2A</string>
				<string>AB40044915B4B83000D87E2A</string>
				<string>AB40044A15B4B83000D87E2A</string>
				<string>AB40044B15B4B83000D87E2A</string>
				<string>ABDC05AD16A4C42A00F6B63D</string>
				<string>ABDC05AE16A4C42A00F6B63D</string>
			</array>
			<key>isa</key>
			<string>PBXGroup</string>
			<key>path</key>
			<string>lib</string>
			<key>sourceTree</key>
			<string>&lt;group&gt;</string>
		</dict>
		<key>AB40043815B4B83000D87E2A</key>
		<dict>
			<key>fileEncoding</key>
			<string>4</string>
			<key>isa</key>
			<string>PBXFileReference</string>
			<key>lastKnownFileType</key>
			<string>sourcecode.c.h</string>
			<key>path</key>
			<string>GTMDefines.h</string>
			<key>sourceTree</key>
			<string>&lt;group&gt;</string>
		</dict>
		<key>AB40043915B4B83000D87E2A</key>
		<dict>
			<key>fileEncoding</key>
			<string>4</string>
			<key>isa</key>
			<string>PBXFileReference</string>
			<key>lastKnownFileType</key>
			<string>sourcecode.c.h</string>
			<key>path</key>
			<string>GTMNSString+HTML.h</string>
			<key>sourceTree</key>
			<string>&lt;group&gt;</string>
		</dict>
		<key>AB40043A15B4B83000D87E2A</key>
		<dict>
			<key>fileEncoding</key>
			<string>4</string>
			<key>isa</key>
			<string>PBXFileReference</string>
			<key>lastKnownFileType</key>
			<string>sourcecode.c.objc</string>
			<key>path</key>
			<string>GTMNSString+HTML.m</string>
			<key>sourceTree</key>
			<string>&lt;group&gt;</string>
		</dict>
		<key>AB40043E15B4B83000D87E2A</key>
		<dict>
			<key>children</key>
			<array>
				<string>AB40043F15B4B83000D87E2A</string>
				<string>AB40044015B4B83000D87E2A</string>
				<string>AB40044115B4B83000D87E2A</string>
				<string>AB40044215B4B83000D87E2A</string>
				<string>AB40044315B4B83000D87E2A</string>
				<string>AB40044415B4B83000D87E2A</string>
				<string>AB40044515B4B83000D87E2A</string>
				<string>AB40044615B4B83000D87E2A</string>
				<string>AB40044715B4B83000D87E2A</string>
			</array>
			<key>isa</key>
			<string>PBXGroup</string>
			<key>path</key>
			<string>minizip</string>
			<key>sourceTree</key>
			<string>&lt;group&gt;</string>
		</dict>
		<key>AB40043F15B4B83000D87E2A</key>
		<dict>
			<key>fileEncoding</key>
			<string>4</string>
			<key>isa</key>
			<string>PBXFileReference</string>
			<key>lastKnownFileType</key>
			<string>sourcecode.c.h</string>
			<key>path</key>
			<string>crypt.h</string>
			<key>sourceTree</key>
			<string>&lt;group&gt;</string>
		</dict>
		<key>AB40044015B4B83000D87E2A</key>
		<dict>
			<key>fileEncoding</key>
			<string>4</string>
			<key>isa</key>
			<string>PBXFileReference</string>
			<key>lastKnownFileType</key>
			<string>sourcecode.c.c</string>
			<key>path</key>
			<string>ioapi.c</string>
			<key>sourceTree</key>
			<string>&lt;group&gt;</string>
		</dict>
		<key>AB40044115B4B83000D87E2A</key>
		<dict>
			<key>fileEncoding</key>
			<string>4</string>
			<key>isa</key>
			<string>PBXFileReference</string>
			<key>lastKnownFileType</key>
			<string>sourcecode.c.h</string>
			<key>path</key>
			<string>ioapi.h</string>
			<key>sourceTree</key>
			<string>&lt;group&gt;</string>
		</dict>
		<key>AB40044215B4B83000D87E2A</key>
		<dict>
			<key>fileEncoding</key>
			<string>4</string>
			<key>isa</key>
			<string>PBXFileReference</string>
			<key>lastKnownFileType</key>
			<string>sourcecode.c.c</string>
			<key>path</key>
			<string>mztools.c</string>
			<key>sourceTree</key>
			<string>&lt;group&gt;</string>
		</dict>
		<key>AB40044315B4B83000D87E2A</key>
		<dict>
			<key>fileEncoding</key>
			<string>4</string>
			<key>isa</key>
			<string>PBXFileReference</string>
			<key>lastKnownFileType</key>
			<string>sourcecode.c.h</string>
			<key>path</key>
			<string>mztools.h</string>
			<key>sourceTree</key>
			<string>&lt;group&gt;</string>
		</dict>
		<key>AB40044415B4B83000D87E2A</key>
		<dict>
			<key>fileEncoding</key>
			<string>4</string>
			<key>isa</key>
			<string>PBXFileReference</string>
			<key>lastKnownFileType</key>
			<string>sourcecode.c.c</string>
			<key>path</key>
			<string>unzip.c</string>
			<key>sourceTree</key>
			<string>&lt;group&gt;</string>
		</dict>
		<key>AB40044515B4B83000D87E2A</key>
		<dict>
			<key>fileEncoding</key>
			<string>4</string>
			<key>isa</key>
			<string>PBXFileReference</string>
			<key>lastKnownFileType</key>
			<string>sourcecode.c.h</string>
			<key>path</key>
			<string>unzip.h</string>
			<key>sourceTree</key>
			<string>&lt;group&gt;</string>
		</dict>
		<key>AB40044615B4B83000D87E2A</key>
		<dict>
			<key>fileEncoding</key>
			<string>4</string>
			<key>isa</key>
			<string>PBXFileReference</string>
			<key>lastKnownFileType</key>
			<string>sourcecode.c.c</string>
			<key>path</key>
			<string>zip.c</string>
			<key>sourceTree</key>
			<string>&lt;group&gt;</string>
		</dict>
		<key>AB40044715B4B83000D87E2A</key>
		<dict>
			<key>fileEncoding</key>
			<string>4</string>
			<key>isa</key>
			<string>PBXFileReference</string>
			<key>lastKnownFileType</key>
			<string>sourcecode.c.h</string>
			<key>path</key>
			<string>zip.h</string>
			<key>sourceTree</key>
			<string>&lt;group&gt;</string>
		</dict>
		<key>AB40044815B4B83000D87E2A</key>
		<dict>
			<key>fileEncoding</key>
			<string>4</string>
			<key>isa</key>
			<string>PBXFileReference</string>
			<key>lastKnownFileType</key>
			<string>sourcecode.c.h</string>
			<key>path</key>
			<string>SSZipArchive.h</string>
			<key>sourceTree</key>
			<string>&lt;group&gt;</string>
		</dict>
		<key>AB40044915B4B83000D87E2A</key>
		<dict>
			<key>fileEncoding</key>
			<string>4</string>
			<key>isa</key>
			<string>PBXFileReference</string>
			<key>lastKnownFileType</key>
			<string>sourcecode.c.objc</string>
			<key>path</key>
			<string>SSZipArchive.m</string>
			<key>sourceTree</key>
			<string>&lt;group&gt;</string>
		</dict>
		<key>AB40044A15B4B83000D87E2A</key>
		<dict>
			<key>fileEncoding</key>
			<string>4</string>
			<key>isa</key>
			<string>PBXFileReference</string>
			<key>lastKnownFileType</key>
			<string>sourcecode.c.h</string>
			<key>path</key>
			<string>Utils.h</string>
			<key>sourceTree</key>
			<string>&lt;group&gt;</string>
		</dict>
		<key>AB40044B15B4B83000D87E2A</key>
		<dict>
			<key>fileEncoding</key>
			<string>4</string>
			<key>isa</key>
			<string>PBXFileReference</string>
			<key>lastKnownFileType</key>
			<string>sourcecode.c.objc</string>
			<key>path</key>
			<string>Utils.m</string>
			<key>sourceTree</key>
			<string>&lt;group&gt;</string>
		</dict>
		<key>AB40044C15B4B83000D87E2A</key>
		<dict>
			<key>fileEncoding</key>
			<string>4</string>
			<key>isa</key>
			<string>PBXFileReference</string>
			<key>lastKnownFileType</key>
			<string>sourcecode.c.h</string>
			<key>path</key>
			<string>ModalViewController.h</string>
			<key>sourceTree</key>
			<string>&lt;group&gt;</string>
		</dict>
		<key>AB40044D15B4B83000D87E2A</key>
		<dict>
			<key>fileEncoding</key>
			<string>4</string>
			<key>isa</key>
			<string>PBXFileReference</string>
			<key>lastKnownFileType</key>
			<string>sourcecode.c.objc</string>
			<key>path</key>
			<string>ModalViewController.m</string>
			<key>sourceTree</key>
			<string>&lt;group&gt;</string>
		</dict>
		<key>AB40045015B4B83000D87E2A</key>
		<dict>
			<key>children</key>
			<array>
				<string>AB40045115B4B83000D87E2A</string>
				<string>AB40045215B4B83000D87E2A</string>
			</array>
			<key>isa</key>
			<string>PBXGroup</string>
			<key>path</key>
			<string>ui</string>
			<key>sourceTree</key>
			<string>&lt;group&gt;</string>
		</dict>
		<key>AB40045115B4B83000D87E2A</key>
		<dict>
			<key>fileEncoding</key>
			<string>4</string>
			<key>isa</key>
			<string>PBXFileReference</string>
			<key>lastKnownFileType</key>
			<string>sourcecode.c.h</string>
			<key>path</key>
			<string>PageTitleLabel.h</string>
			<key>sourceTree</key>
			<string>&lt;group&gt;</string>
		</dict>
		<key>AB40045215B4B83000D87E2A</key>
		<dict>
			<key>fileEncoding</key>
			<string>4</string>
			<key>isa</key>
			<string>PBXFileReference</string>
			<key>lastKnownFileType</key>
			<string>sourcecode.c.objc</string>
			<key>path</key>
			<string>PageTitleLabel.m</string>
			<key>sourceTree</key>
			<string>&lt;group&gt;</string>
		</dict>
		<key>AB40045315B4B83000D87E2A</key>
		<dict>
			<key>fileRef</key>
			<string>AB40042B15B4B83000D87E2A</string>
			<key>isa</key>
			<string>PBXBuildFile</string>
		</dict>
		<key>AB40045F15B4B83000D87E2A</key>
		<dict>
			<key>fileRef</key>
			<string>AB40043415B4B83000D87E2A</string>
			<key>isa</key>
			<string>PBXBuildFile</string>
		</dict>
		<key>AB40046115B4B83000D87E2A</key>
		<dict>
			<key>fileRef</key>
			<string>AB40043615B4B83000D87E2A</string>
			<key>isa</key>
			<string>PBXBuildFile</string>
		</dict>
		<key>AB40046315B4B83000D87E2A</key>
		<dict>
			<key>fileRef</key>
			<string>AB40043A15B4B83000D87E2A</string>
			<key>isa</key>
			<string>PBXBuildFile</string>
		</dict>
		<key>AB40046715B4B83000D87E2A</key>
		<dict>
			<key>fileRef</key>
			<string>AB40044015B4B83000D87E2A</string>
			<key>isa</key>
			<string>PBXBuildFile</string>
		</dict>
		<key>AB40046915B4B83000D87E2A</key>
		<dict>
			<key>fileRef</key>
			<string>AB40044215B4B83000D87E2A</string>
			<key>isa</key>
			<string>PBXBuildFile</string>
		</dict>
		<key>AB40046B15B4B83000D87E2A</key>
		<dict>
			<key>fileRef</key>
			<string>AB40044415B4B83000D87E2A</string>
			<key>isa</key>
			<string>PBXBuildFile</string>
		</dict>
		<key>AB40046D15B4B83000D87E2A</key>
		<dict>
			<key>fileRef</key>
			<string>AB40044615B4B83000D87E2A</string>
			<key>isa</key>
			<string>PBXBuildFile</string>
		</dict>
		<key>AB40046F15B4B83000D87E2A</key>
		<dict>
			<key>fileRef</key>
			<string>AB40044915B4B83000D87E2A</string>
			<key>isa</key>
			<string>PBXBuildFile</string>
		</dict>
		<key>AB40047115B4B83000D87E2A</key>
		<dict>
			<key>fileRef</key>
			<string>AB40044B15B4B83000D87E2A</string>
			<key>isa</key>
			<string>PBXBuildFile</string>
		</dict>
		<key>AB40047315B4B83000D87E2A</key>
		<dict>
			<key>fileRef</key>
			<string>AB40044D15B4B83000D87E2A</string>
			<key>isa</key>
			<string>PBXBuildFile</string>
		</dict>
		<key>AB40047715B4B83000D87E2A</key>
		<dict>
			<key>fileRef</key>
			<string>AB40045215B4B83000D87E2A</string>
			<key>isa</key>
			<string>PBXBuildFile</string>
		</dict>
		<key>AB40047B15B4B8B800D87E2A</key>
		<dict>
			<key>children</key>
			<array>
				<string>BF0785EA1794AF4000EB988E</string>
				<string>AB379313161759A900B4C1A3</string>
				<string>AB3496BB1661472A00AEB508</string>
				<string>9F58D85E15D6743C0027902C</string>
				<string>9FF7957E15B4C4F600899E51</string>
				<string>ABD7D45D1616FC5B008B13B5</string>
				<string>ABD7D45E1616FC5B008B13B5</string>
				<string>ABC270CF1616F3CB00AD97E9</string>
				<string>ABC270D01616F3CB00AD97E9</string>
				<string>ABD24C1C1620309B0042E49C</string>
				<string>ABD24C1D1620309B0042E49C</string>
				<string>AB2317D2169F808000BE3BE7</string>
				<string>AB2317D3169F808000BE3BE7</string>
				<string>ABDC05B016A4CB3900F6B63D</string>
				<string>ABDC05B116A4CB3900F6B63D</string>
				<string>9FF795A515B4C57D00899E51</string>
				<string>9FF795A615B4C57E00899E51</string>
				<string>9F58D84D15D66E870027902C</string>
				<string>9F58D84E15D66E870027902C</string>
				<string>9F58D84F15D66E870027902C</string>
				<string>9F58D85015D66E870027902C</string>
				<string>ABF23B1B1708418E003AA3B0</string>
				<string>ABF23B1C1708418E003AA3B0</string>
			</array>
			<key>isa</key>
			<string>PBXGroup</string>
			<key>path</key>
			<string>BakerShelf</string>
			<key>sourceTree</key>
			<string>&lt;group&gt;</string>
		</dict>
		<key>AB40048015B4B90200D87E2A</key>
		<dict>
			<key>isa</key>
			<string>PBXFileReference</string>
			<key>lastKnownFileType</key>
			<string>wrapper.framework</string>
			<key>name</key>
			<string>MessageUI.framework</string>
			<key>path</key>
			<string>System/Library/Frameworks/MessageUI.framework</string>
			<key>sourceTree</key>
			<string>SDKROOT</string>
		</dict>
		<key>AB40048115B4B90200D87E2A</key>
		<dict>
			<key>fileRef</key>
			<string>AB40048015B4B90200D87E2A</string>
			<key>isa</key>
			<string>PBXBuildFile</string>
		</dict>
		<key>AB40048215B4B90A00D87E2A</key>
		<dict>
			<key>isa</key>
			<string>PBXFileReference</string>
			<key>lastKnownFileType</key>
			<string>compiled.mach-o.dylib</string>
			<key>name</key>
			<string>libz.dylib</string>
			<key>path</key>
			<string>usr/lib/libz.dylib</string>
			<key>sourceTree</key>
			<string>SDKROOT</string>
		</dict>
		<key>AB40048315B4B90A00D87E2A</key>
		<dict>
			<key>fileRef</key>
			<string>AB40048215B4B90A00D87E2A</string>
			<key>isa</key>
			<string>PBXBuildFile</string>
		</dict>
		<key>AB40048415B4BB8B00D87E2A</key>
		<dict>
			<key>isa</key>
			<string>PBXFileReference</string>
			<key>lastKnownFileType</key>
			<string>folder</string>
			<key>path</key>
			<string>books</string>
			<key>sourceTree</key>
			<string>&lt;group&gt;</string>
		</dict>
		<key>AB40048515B4BB8B00D87E2A</key>
		<dict>
			<key>fileRef</key>
			<string>AB40048415B4BB8B00D87E2A</string>
			<key>isa</key>
			<string>PBXBuildFile</string>
		</dict>
		<key>AB5D48CD1609176A00828D16</key>
		<dict>
			<key>isa</key>
			<string>PBXFileReference</string>
			<key>lastKnownFileType</key>
			<string>wrapper.framework</string>
			<key>name</key>
			<string>NewsstandKit.framework</string>
			<key>path</key>
			<string>System/Library/Frameworks/NewsstandKit.framework</string>
			<key>sourceTree</key>
			<string>SDKROOT</string>
		</dict>
		<key>AB5D48D01609178900828D16</key>
		<dict>
			<key>fileRef</key>
			<string>AB5D48CD1609176A00828D16</string>
			<key>isa</key>
			<string>PBXBuildFile</string>
		</dict>
		<key>AB67F5B816EE99B2005A04F6</key>
		<dict>
			<key>fileEncoding</key>
			<string>4</string>
			<key>isa</key>
			<string>PBXFileReference</string>
			<key>lastKnownFileType</key>
			<string>sourcecode.c.h</string>
			<key>path</key>
			<string>Reachability.h</string>
			<key>sourceTree</key>
			<string>&lt;group&gt;</string>
		</dict>
		<key>AB67F5B916EE99B2005A04F6</key>
		<dict>
			<key>fileEncoding</key>
			<string>4</string>
			<key>isa</key>
			<string>PBXFileReference</string>
			<key>lastKnownFileType</key>
			<string>sourcecode.c.objc</string>
			<key>path</key>
			<string>Reachability.m</string>
			<key>sourceTree</key>
			<string>&lt;group&gt;</string>
		</dict>
		<key>AB67F5BA16EE99B2005A04F6</key>
		<dict>
			<key>fileRef</key>
			<string>AB67F5B916EE99B2005A04F6</string>
			<key>isa</key>
			<string>PBXBuildFile</string>
		</dict>
		<key>AB67F5BB16EE9B79005A04F6</key>
		<dict>
			<key>isa</key>
			<string>PBXFileReference</string>
			<key>lastKnownFileType</key>
			<string>wrapper.framework</string>
			<key>name</key>
			<string>SystemConfiguration.framework</string>
			<key>path</key>
			<string>System/Library/Frameworks/SystemConfiguration.framework</string>
			<key>sourceTree</key>
			<string>SDKROOT</string>
		</dict>
		<key>AB67F5BC16EE9B79005A04F6</key>
		<dict>
			<key>fileRef</key>
			<string>AB67F5BB16EE9B79005A04F6</string>
			<key>isa</key>
			<string>PBXBuildFile</string>
		</dict>
		<key>ABABF1A51646C04D00A75E67</key>
		<dict>
			<key>isa</key>
			<string>PBXFileReference</string>
			<key>lastKnownFileType</key>
			<string>wrapper.framework</string>
			<key>name</key>
			<string>StoreKit.framework</string>
			<key>path</key>
			<string>System/Library/Frameworks/StoreKit.framework</string>
			<key>sourceTree</key>
			<string>SDKROOT</string>
		</dict>
		<key>ABABF1A81646C06100A75E67</key>
		<dict>
			<key>fileRef</key>
			<string>ABABF1A51646C04D00A75E67</string>
			<key>isa</key>
			<string>PBXBuildFile</string>
		</dict>
		<key>ABADF3F716C7BAD900F52F3C</key>
		<dict>
			<key>fileEncoding</key>
			<string>4</string>
			<key>isa</key>
			<string>PBXFileReference</string>
			<key>lastKnownFileType</key>
			<string>sourcecode.c.h</string>
			<key>path</key>
			<string>NSURL+Extensions.h</string>
			<key>sourceTree</key>
			<string>&lt;group&gt;</string>
		</dict>
		<key>ABADF3F816C7BAD900F52F3C</key>
		<dict>
			<key>fileEncoding</key>
			<string>4</string>
			<key>isa</key>
			<string>PBXFileReference</string>
			<key>lastKnownFileType</key>
			<string>sourcecode.c.objc</string>
			<key>path</key>
			<string>NSURL+Extensions.m</string>
			<key>sourceTree</key>
			<string>&lt;group&gt;</string>
		</dict>
		<key>ABADF3F916C7BAD900F52F3C</key>
		<dict>
			<key>fileRef</key>
			<string>ABADF3F816C7BAD900F52F3C</string>
			<key>isa</key>
			<string>PBXBuildFile</string>
		</dict>
		<key>ABAFB57C15AB9A2E002FA498</key>
		<dict>
			<key>children</key>
			<array>
				<string>C44A138618A70F47005058AE</string>
				<string>AB40048415B4BB8B00D87E2A</string>
				<string>BF78D1AF180C8F070093DFBC</string>
				<string>AB40047B15B4B8B800D87E2A</string>
				<string>AB40042915B4B83000D87E2A</string>
				<string>ABAFB59115AB9A2E002FA498</string>
				<string>ABAFB58A15AB9A2E002FA498</string>
				<string>ABAFB58815AB9A2E002FA498</string>
				<string>9B29F401D5CA4032A492F8EC</string>
			</array>
			<key>isa</key>
			<string>PBXGroup</string>
			<key>sourceTree</key>
			<string>&lt;group&gt;</string>
		</dict>
		<key>ABAFB57E15AB9A2E002FA498</key>
		<dict>
			<key>attributes</key>
			<dict>
				<key>LastUpgradeCheck</key>
				<string>0500</string>
			</dict>
			<key>buildConfigurationList</key>
			<string>ABAFB58115AB9A2E002FA498</string>
			<key>compatibilityVersion</key>
			<string>Xcode 3.2</string>
			<key>developmentRegion</key>
			<string>English</string>
			<key>hasScannedForEncodings</key>
			<string>0</string>
			<key>isa</key>
			<string>PBXProject</string>
			<key>knownRegions</key>
			<array>
				<string>en</string>
			</array>
			<key>mainGroup</key>
			<string>ABAFB57C15AB9A2E002FA498</string>
			<key>productRefGroup</key>
			<string>ABAFB58815AB9A2E002FA498</string>
			<key>projectDirPath</key>
			<string></string>
			<key>projectReferences</key>
			<array/>
			<key>projectRoot</key>
			<string></string>
			<key>targets</key>
			<array>
				<string>ABAFB58615AB9A2E002FA498</string>
			</array>
		</dict>
		<key>ABAFB58115AB9A2E002FA498</key>
		<dict>
			<key>buildConfigurations</key>
			<array>
				<string>ABAFB5B215AB9A2F002FA498</string>
				<string>ABAFB5B315AB9A2F002FA498</string>
			</array>
			<key>defaultConfigurationIsVisible</key>
			<string>0</string>
			<key>defaultConfigurationName</key>
			<string>Release</string>
			<key>isa</key>
			<string>XCConfigurationList</string>
		</dict>
		<key>ABAFB58315AB9A2E002FA498</key>
		<dict>
			<key>buildActionMask</key>
			<string>2147483647</string>
			<key>files</key>
			<array>
				<string>ABAFB59815AB9A2E002FA498</string>
				<string>ABAFB59C15AB9A2E002FA498</string>
				<string>AB40045315B4B83000D87E2A</string>
				<string>AB40045F15B4B83000D87E2A</string>
				<string>AB40046115B4B83000D87E2A</string>
				<string>AB40046315B4B83000D87E2A</string>
				<string>AB40046715B4B83000D87E2A</string>
				<string>AB40046915B4B83000D87E2A</string>
				<string>AB40046B15B4B83000D87E2A</string>
				<string>AB40046D15B4B83000D87E2A</string>
				<string>AB40046F15B4B83000D87E2A</string>
				<string>AB40047115B4B83000D87E2A</string>
				<string>AB40047315B4B83000D87E2A</string>
				<string>AB40047715B4B83000D87E2A</string>
				<string>9FF795A715B4C57E00899E51</string>
				<string>9F8FC1C415C55E8C0065F0A3</string>
				<string>9F58D85115D66E870027902C</string>
				<string>9F58D85215D66E870027902C</string>
				<string>9F5EB3BD15FCA3A100E13796</string>
				<string>AB26005116011D9D00E9AA66</string>
				<string>ABD7D45F1616FC5B008B13B5</string>
				<string>ABC270D11616F3CB00AD97E9</string>
				<string>ABD24C1E1620309B0042E49C</string>
				<string>9FAB40DA162B13CF0088E9C1</string>
				<string>ABD6FC4016544EAD0032BC44</string>
				<string>AB2317D4169F808000BE3BE7</string>
				<string>ABDC05AF16A4C42A00F6B63D</string>
				<string>ABDC05B216A4CB3900F6B63D</string>
				<string>AB246A3116C5BC6E00715E25</string>
				<string>ABBFD8F216C6614300BA64A4</string>
				<string>ABADF3F916C7BAD900F52F3C</string>
				<string>AB67F5BA16EE99B2005A04F6</string>
				<string>ABF23B1D1708418E003AA3B0</string>
				<string>BFAB78D317B2A67E00E91ADE</string>
			</array>
			<key>isa</key>
			<string>PBXSourcesBuildPhase</string>
			<key>runOnlyForDeploymentPostprocessing</key>
			<string>0</string>
		</dict>
		<key>ABAFB58415AB9A2E002FA498</key>
		<dict>
			<key>buildActionMask</key>
			<string>2147483647</string>
			<key>files</key>
			<array>
				<string>AB67F5BC16EE9B79005A04F6</string>
				<string>ABD245531639E3650080F056</string>
				<string>ABABF1A81646C06100A75E67</string>
				<string>AB5D48D01609178900828D16</string>
				<string>ABAFB58C15AB9A2E002FA498</string>
				<string>ABAFB58E15AB9A2E002FA498</string>
				<string>ABAFB59015AB9A2E002FA498</string>
				<string>9F55576815B4C6C3003072A3</string>
				<string>AB40048115B4B90200D87E2A</string>
				<string>AB40048315B4B90A00D87E2A</string>
				<string>919179A16A9D43A398F25E1C</string>
			</array>
			<key>isa</key>
			<string>PBXFrameworksBuildPhase</string>
			<key>runOnlyForDeploymentPostprocessing</key>
			<string>0</string>
		</dict>
		<key>ABAFB58515AB9A2E002FA498</key>
		<dict>
			<key>buildActionMask</key>
			<string>2147483647</string>
			<key>files</key>
			<array>
				<string>C44A138718A70F47005058AE</string>
				<string>AB40048515B4BB8B00D87E2A</string>
				<string>BF78D1B0180C8F070093DFBC</string>
				<string>20CC551D16AD346900DEFB5C</string>
				<string>BF0785EB1794AF4000EB988E</string>
			</array>
			<key>isa</key>
			<string>PBXResourcesBuildPhase</string>
			<key>runOnlyForDeploymentPostprocessing</key>
			<string>0</string>
		</dict>
		<key>ABAFB58615AB9A2E002FA498</key>
		<dict>
			<key>buildConfigurationList</key>
			<string>ABAFB5B415AB9A2F002FA498</string>
			<key>buildPhases</key>
			<array>
				<string>6B171D00A43A471FB162B202</string>
				<string>ABAFB58315AB9A2E002FA498</string>
				<string>ABAFB58415AB9A2E002FA498</string>
				<string>ABAFB58515AB9A2E002FA498</string>
				<string>D9D7E7B0E7D446E089AA7189</string>
			</array>
			<key>buildRules</key>
			<array/>
			<key>dependencies</key>
			<array/>
			<key>isa</key>
			<string>PBXNativeTarget</string>
			<key>name</key>
			<string>Baker</string>
			<key>productName</key>
			<string>Baker</string>
			<key>productReference</key>
			<string>ABAFB58715AB9A2E002FA498</string>
			<key>productType</key>
			<string>com.apple.product-type.application</string>
		</dict>
		<key>ABAFB58715AB9A2E002FA498</key>
		<dict>
			<key>explicitFileType</key>
			<string>wrapper.application</string>
			<key>includeInIndex</key>
			<string>0</string>
			<key>isa</key>
			<string>PBXFileReference</string>
			<key>path</key>
			<string>Baker.app</string>
			<key>sourceTree</key>
			<string>BUILT_PRODUCTS_DIR</string>
		</dict>
		<key>ABAFB58815AB9A2E002FA498</key>
		<dict>
			<key>children</key>
			<array>
				<string>ABAFB58715AB9A2E002FA498</string>
			</array>
			<key>isa</key>
			<string>PBXGroup</string>
			<key>name</key>
			<string>Products</string>
			<key>sourceTree</key>
			<string>&lt;group&gt;</string>
		</dict>
		<key>ABAFB58A15AB9A2E002FA498</key>
		<dict>
			<key>children</key>
			<array>
				<string>AB67F5BB16EE9B79005A04F6</string>
				<string>ABABF1A51646C04D00A75E67</string>
				<string>ABD245521639E3650080F056</string>
				<string>AB5D48CD1609176A00828D16</string>
				<string>ABAFB58B15AB9A2E002FA498</string>
				<string>ABAFB58D15AB9A2E002FA498</string>
				<string>ABAFB58F15AB9A2E002FA498</string>
				<string>9F55576515B4C6B7003072A3</string>
				<string>AB40048015B4B90200D87E2A</string>
				<string>AB40048215B4B90A00D87E2A</string>
				<string>0522582D13144433927102AF</string>
			</array>
			<key>isa</key>
			<string>PBXGroup</string>
			<key>name</key>
			<string>Frameworks</string>
			<key>sourceTree</key>
			<string>&lt;group&gt;</string>
		</dict>
		<key>ABAFB58B15AB9A2E002FA498</key>
		<dict>
			<key>isa</key>
			<string>PBXFileReference</string>
			<key>lastKnownFileType</key>
			<string>wrapper.framework</string>
			<key>name</key>
			<string>UIKit.framework</string>
			<key>path</key>
			<string>System/Library/Frameworks/UIKit.framework</string>
			<key>sourceTree</key>
			<string>SDKROOT</string>
		</dict>
		<key>ABAFB58C15AB9A2E002FA498</key>
		<dict>
			<key>fileRef</key>
			<string>ABAFB58B15AB9A2E002FA498</string>
			<key>isa</key>
			<string>PBXBuildFile</string>
		</dict>
		<key>ABAFB58D15AB9A2E002FA498</key>
		<dict>
			<key>isa</key>
			<string>PBXFileReference</string>
			<key>lastKnownFileType</key>
			<string>wrapper.framework</string>
			<key>name</key>
			<string>Foundation.framework</string>
			<key>path</key>
			<string>System/Library/Frameworks/Foundation.framework</string>
			<key>sourceTree</key>
			<string>SDKROOT</string>
		</dict>
		<key>ABAFB58E15AB9A2E002FA498</key>
		<dict>
			<key>fileRef</key>
			<string>ABAFB58D15AB9A2E002FA498</string>
			<key>isa</key>
			<string>PBXBuildFile</string>
		</dict>
		<key>ABAFB58F15AB9A2E002FA498</key>
		<dict>
			<key>isa</key>
			<string>PBXFileReference</string>
			<key>lastKnownFileType</key>
			<string>wrapper.framework</string>
			<key>name</key>
			<string>CoreGraphics.framework</string>
			<key>path</key>
			<string>System/Library/Frameworks/CoreGraphics.framework</string>
			<key>sourceTree</key>
			<string>SDKROOT</string>
		</dict>
		<key>ABAFB59015AB9A2E002FA498</key>
		<dict>
			<key>fileRef</key>
			<string>ABAFB58F15AB9A2E002FA498</string>
			<key>isa</key>
			<string>PBXBuildFile</string>
		</dict>
		<key>ABAFB59115AB9A2E002FA498</key>
		<dict>
			<key>children</key>
			<array>
				<string>ABAFB59A15AB9A2E002FA498</string>
				<string>ABAFB59B15AB9A2E002FA498</string>
				<string>BFAB78D117B2A67E00E91ADE</string>
				<string>BFAB78D217B2A67E00E91ADE</string>
				<string>ABAFB59215AB9A2E002FA498</string>
			</array>
			<key>isa</key>
			<string>PBXGroup</string>
			<key>path</key>
			<string>Baker</string>
			<key>sourceTree</key>
			<string>&lt;group&gt;</string>
		</dict>
		<key>ABAFB59215AB9A2E002FA498</key>
		<dict>
			<key>children</key>
			<array>
				<string>20CC551F16AD346900DEFB5C</string>
				<string>BF3CCC9D15D080560087B9CA</string>
				<string>ABAFB59315AB9A2E002FA498</string>
				<string>ABAFB59715AB9A2E002FA498</string>
				<string>ABAFB59915AB9A2E002FA498</string>
			</array>
			<key>isa</key>
			<string>PBXGroup</string>
			<key>name</key>
			<string>Supporting Files</string>
			<key>sourceTree</key>
			<string>&lt;group&gt;</string>
		</dict>
		<key>ABAFB59315AB9A2E002FA498</key>
		<dict>
			<key>isa</key>
			<string>PBXFileReference</string>
			<key>lastKnownFileType</key>
			<string>text.plist.xml</string>
			<key>path</key>
			<string>Baker-Info.plist</string>
			<key>sourceTree</key>
			<string>&lt;group&gt;</string>
		</dict>
		<key>ABAFB59715AB9A2E002FA498</key>
		<dict>
			<key>isa</key>
			<string>PBXFileReference</string>
			<key>lastKnownFileType</key>
			<string>sourcecode.c.objc</string>
			<key>path</key>
			<string>main.m</string>
			<key>sourceTree</key>
			<string>&lt;group&gt;</string>
		</dict>
		<key>ABAFB59815AB9A2E002FA498</key>
		<dict>
			<key>fileRef</key>
			<string>ABAFB59715AB9A2E002FA498</string>
			<key>isa</key>
			<string>PBXBuildFile</string>
		</dict>
		<key>ABAFB59915AB9A2E002FA498</key>
		<dict>
			<key>isa</key>
			<string>PBXFileReference</string>
			<key>lastKnownFileType</key>
			<string>sourcecode.c.h</string>
			<key>path</key>
			<string>Baker-Prefix.pch</string>
			<key>sourceTree</key>
			<string>&lt;group&gt;</string>
		</dict>
		<key>ABAFB59A15AB9A2E002FA498</key>
		<dict>
			<key>isa</key>
			<string>PBXFileReference</string>
			<key>lastKnownFileType</key>
			<string>sourcecode.c.h</string>
			<key>path</key>
			<string>AppDelegate.h</string>
			<key>sourceTree</key>
			<string>&lt;group&gt;</string>
		</dict>
		<key>ABAFB59B15AB9A2E002FA498</key>
		<dict>
			<key>isa</key>
			<string>PBXFileReference</string>
			<key>lastKnownFileType</key>
			<string>sourcecode.c.objc</string>
			<key>path</key>
			<string>AppDelegate.m</string>
			<key>sourceTree</key>
			<string>&lt;group&gt;</string>
		</dict>
		<key>ABAFB59C15AB9A2E002FA498</key>
		<dict>
			<key>fileRef</key>
			<string>ABAFB59B15AB9A2E002FA498</string>
			<key>isa</key>
			<string>PBXBuildFile</string>
		</dict>
		<key>ABAFB5B215AB9A2F002FA498</key>
		<dict>
			<key>buildSettings</key>
			<dict>
				<key>ALWAYS_SEARCH_USER_PATHS</key>
				<string>NO</string>
				<key>CLANG_WARN_BOOL_CONVERSION</key>
				<string>YES</string>
				<key>CLANG_WARN_CONSTANT_CONVERSION</key>
				<string>YES</string>
				<key>CLANG_WARN_EMPTY_BODY</key>
				<string>YES</string>
				<key>CLANG_WARN_ENUM_CONVERSION</key>
				<string>YES</string>
				<key>CLANG_WARN_INT_CONVERSION</key>
				<string>YES</string>
				<key>CLANG_WARN__DUPLICATE_METHOD_MATCH</key>
				<string>YES</string>
				<key>CODE_SIGN_IDENTITY[sdk=iphoneos*]</key>
				<string>iPhone Developer</string>
				<key>COPY_PHASE_STRIP</key>
				<string>NO</string>
				<key>GCC_C_LANGUAGE_STANDARD</key>
				<string>gnu99</string>
				<key>GCC_DYNAMIC_NO_PIC</key>
				<string>NO</string>
				<key>GCC_OPTIMIZATION_LEVEL</key>
				<string>0</string>
				<key>GCC_PREPROCESSOR_DEFINITIONS</key>
				<array>
					<string>DEBUG=1</string>
					<string>$(inherited)</string>
				</array>
				<key>GCC_SYMBOLS_PRIVATE_EXTERN</key>
				<string>NO</string>
				<key>GCC_VERSION</key>
				<string>com.apple.compilers.llvm.clang.1_0</string>
				<key>GCC_WARN_ABOUT_RETURN_TYPE</key>
				<string>YES</string>
				<key>GCC_WARN_UNDECLARED_SELECTOR</key>
				<string>YES</string>
				<key>GCC_WARN_UNINITIALIZED_AUTOS</key>
				<string>YES</string>
				<key>GCC_WARN_UNUSED_FUNCTION</key>
				<string>YES</string>
				<key>GCC_WARN_UNUSED_VARIABLE</key>
				<string>YES</string>
				<key>IPHONEOS_DEPLOYMENT_TARGET</key>
				<string>6.0</string>
				<key>ONLY_ACTIVE_ARCH</key>
				<string>YES</string>
				<key>SDKROOT</key>
				<string>iphoneos</string>
				<key>TARGETED_DEVICE_FAMILY</key>
				<string>2</string>
			</dict>
			<key>isa</key>
			<string>XCBuildConfiguration</string>
			<key>name</key>
			<string>Debug</string>
		</dict>
		<key>ABAFB5B315AB9A2F002FA498</key>
		<dict>
			<key>buildSettings</key>
			<dict>
				<key>ALWAYS_SEARCH_USER_PATHS</key>
				<string>NO</string>
				<key>CLANG_WARN_BOOL_CONVERSION</key>
				<string>YES</string>
				<key>CLANG_WARN_CONSTANT_CONVERSION</key>
				<string>YES</string>
				<key>CLANG_WARN_EMPTY_BODY</key>
				<string>YES</string>
				<key>CLANG_WARN_ENUM_CONVERSION</key>
				<string>YES</string>
				<key>CLANG_WARN_INT_CONVERSION</key>
				<string>YES</string>
				<key>CLANG_WARN__DUPLICATE_METHOD_MATCH</key>
				<string>YES</string>
				<key>CODE_SIGN_IDENTITY[sdk=iphoneos*]</key>
				<string>iPhone Developer</string>
				<key>COPY_PHASE_STRIP</key>
				<string>YES</string>
				<key>GCC_C_LANGUAGE_STANDARD</key>
				<string>gnu99</string>
				<key>GCC_VERSION</key>
				<string>com.apple.compilers.llvm.clang.1_0</string>
				<key>GCC_WARN_ABOUT_RETURN_TYPE</key>
				<string>YES</string>
				<key>GCC_WARN_UNDECLARED_SELECTOR</key>
				<string>YES</string>
				<key>GCC_WARN_UNINITIALIZED_AUTOS</key>
				<string>YES</string>
				<key>GCC_WARN_UNUSED_FUNCTION</key>
				<string>YES</string>
				<key>GCC_WARN_UNUSED_VARIABLE</key>
				<string>YES</string>
				<key>IPHONEOS_DEPLOYMENT_TARGET</key>
				<string>6.0</string>
				<key>OTHER_CFLAGS</key>
				<string>-DNS_BLOCK_ASSERTIONS=1</string>
				<key>SDKROOT</key>
				<string>iphoneos</string>
				<key>TARGETED_DEVICE_FAMILY</key>
				<string>2</string>
				<key>VALIDATE_PRODUCT</key>
				<string>YES</string>
			</dict>
			<key>isa</key>
			<string>XCBuildConfiguration</string>
			<key>name</key>
			<string>Release</string>
		</dict>
		<key>ABAFB5B415AB9A2F002FA498</key>
		<dict>
			<key>buildConfigurations</key>
			<array>
				<string>ABAFB5B515AB9A2F002FA498</string>
				<string>ABAFB5B615AB9A2F002FA498</string>
			</array>
			<key>defaultConfigurationIsVisible</key>
			<string>0</string>
			<key>defaultConfigurationName</key>
			<string>Release</string>
			<key>isa</key>
			<string>XCConfigurationList</string>
		</dict>
		<key>ABAFB5B515AB9A2F002FA498</key>
		<dict>
			<key>baseConfigurationReference</key>
			<string>9B29F401D5CA4032A492F8EC</string>
			<key>buildSettings</key>
			<dict>
				<key>ASSETCATALOG_COMPILER_APPICON_NAME</key>
				<string>AppIcon</string>
				<key>ASSETCATALOG_COMPILER_LAUNCHIMAGE_NAME</key>
				<string>LaunchImage</string>
				<key>GCC_PRECOMPILE_PREFIX_HEADER</key>
				<string>YES</string>
				<key>GCC_PREFIX_HEADER</key>
				<string>Baker/Baker-Prefix.pch</string>
				<key>INFOPLIST_FILE</key>
				<string>Baker/Baker-Info.plist</string>
				<key>IPHONEOS_DEPLOYMENT_TARGET</key>
				<string>7.0</string>
				<key>PRODUCT_NAME</key>
				<string>$(TARGET_NAME)</string>
				<key>TARGETED_DEVICE_FAMILY</key>
				<string>2</string>
				<key>WRAPPER_EXTENSION</key>
				<string>app</string>
			</dict>
			<key>isa</key>
			<string>XCBuildConfiguration</string>
			<key>name</key>
			<string>Debug</string>
		</dict>
		<key>ABAFB5B615AB9A2F002FA498</key>
		<dict>
			<key>baseConfigurationReference</key>
			<string>9B29F401D5CA4032A492F8EC</string>
			<key>buildSettings</key>
			<dict>
				<key>ASSETCATALOG_COMPILER_APPICON_NAME</key>
				<string>AppIcon</string>
				<key>ASSETCATALOG_COMPILER_LAUNCHIMAGE_NAME</key>
				<string>LaunchImage</string>
				<key>GCC_PRECOMPILE_PREFIX_HEADER</key>
				<string>YES</string>
				<key>GCC_PREFIX_HEADER</key>
				<string>Baker/Baker-Prefix.pch</string>
				<key>INFOPLIST_FILE</key>
				<string>Baker/Baker-Info.plist</string>
				<key>IPHONEOS_DEPLOYMENT_TARGET</key>
				<string>7.0</string>
				<key>PRODUCT_NAME</key>
				<string>$(TARGET_NAME)</string>
				<key>TARGETED_DEVICE_FAMILY</key>
				<string>2</string>
				<key>WRAPPER_EXTENSION</key>
				<string>app</string>
			</dict>
			<key>isa</key>
			<string>XCBuildConfiguration</string>
			<key>name</key>
			<string>Release</string>
		</dict>
		<key>ABBFD8F016C6614300BA64A4</key>
		<dict>
			<key>fileEncoding</key>
			<string>4</string>
			<key>isa</key>
			<string>PBXFileReference</string>
			<key>lastKnownFileType</key>
			<string>sourcecode.c.h</string>
			<key>path</key>
			<string>NSString+UUID.h</string>
			<key>sourceTree</key>
			<string>&lt;group&gt;</string>
		</dict>
		<key>ABBFD8F116C6614300BA64A4</key>
		<dict>
			<key>fileEncoding</key>
			<string>4</string>
			<key>isa</key>
			<string>PBXFileReference</string>
			<key>lastKnownFileType</key>
			<string>sourcecode.c.objc</string>
			<key>path</key>
			<string>NSString+UUID.m</string>
			<key>sourceTree</key>
			<string>&lt;group&gt;</string>
		</dict>
		<key>ABBFD8F216C6614300BA64A4</key>
		<dict>
			<key>fileRef</key>
			<string>ABBFD8F116C6614300BA64A4</string>
			<key>isa</key>
			<string>PBXBuildFile</string>
		</dict>
		<key>ABC270CF1616F3CB00AD97E9</key>
		<dict>
			<key>fileEncoding</key>
			<string>4</string>
			<key>isa</key>
			<string>PBXFileReference</string>
			<key>lastKnownFileType</key>
			<string>sourcecode.c.h</string>
			<key>path</key>
			<string>IssuesManager.h</string>
			<key>sourceTree</key>
			<string>&lt;group&gt;</string>
		</dict>
		<key>ABC270D01616F3CB00AD97E9</key>
		<dict>
			<key>fileEncoding</key>
			<string>4</string>
			<key>isa</key>
			<string>PBXFileReference</string>
			<key>lastKnownFileType</key>
			<string>sourcecode.c.objc</string>
			<key>path</key>
			<string>IssuesManager.m</string>
			<key>sourceTree</key>
			<string>&lt;group&gt;</string>
		</dict>
		<key>ABC270D11616F3CB00AD97E9</key>
		<dict>
			<key>fileRef</key>
			<string>ABC270D01616F3CB00AD97E9</string>
			<key>isa</key>
			<string>PBXBuildFile</string>
		</dict>
		<key>ABD245521639E3650080F056</key>
		<dict>
			<key>isa</key>
			<string>PBXFileReference</string>
			<key>lastKnownFileType</key>
			<string>wrapper.framework</string>
			<key>name</key>
			<string>AVFoundation.framework</string>
			<key>path</key>
			<string>System/Library/Frameworks/AVFoundation.framework</string>
			<key>sourceTree</key>
			<string>SDKROOT</string>
		</dict>
		<key>ABD245531639E3650080F056</key>
		<dict>
			<key>fileRef</key>
			<string>ABD245521639E3650080F056</string>
			<key>isa</key>
			<string>PBXBuildFile</string>
		</dict>
		<key>ABD24C1C1620309B0042E49C</key>
		<dict>
			<key>fileEncoding</key>
			<string>4</string>
			<key>isa</key>
			<string>PBXFileReference</string>
			<key>lastKnownFileType</key>
			<string>sourcecode.c.h</string>
			<key>path</key>
			<string>IssueViewController.h</string>
			<key>sourceTree</key>
			<string>&lt;group&gt;</string>
		</dict>
		<key>ABD24C1D1620309B0042E49C</key>
		<dict>
			<key>fileEncoding</key>
			<string>4</string>
			<key>isa</key>
			<string>PBXFileReference</string>
			<key>lastKnownFileType</key>
			<string>sourcecode.c.objc</string>
			<key>path</key>
			<string>IssueViewController.m</string>
			<key>sourceTree</key>
			<string>&lt;group&gt;</string>
		</dict>
		<key>ABD24C1E1620309B0042E49C</key>
		<dict>
			<key>fileRef</key>
			<string>ABD24C1D1620309B0042E49C</string>
			<key>isa</key>
			<string>PBXBuildFile</string>
		</dict>
		<key>ABD6FC3E16544EAD0032BC44</key>
		<dict>
			<key>fileEncoding</key>
			<string>4</string>
			<key>isa</key>
			<string>PBXFileReference</string>
			<key>lastKnownFileType</key>
			<string>sourcecode.c.h</string>
			<key>path</key>
			<string>NSData+Base64.h</string>
			<key>sourceTree</key>
			<string>&lt;group&gt;</string>
		</dict>
		<key>ABD6FC3F16544EAD0032BC44</key>
		<dict>
			<key>fileEncoding</key>
			<string>4</string>
			<key>isa</key>
			<string>PBXFileReference</string>
			<key>lastKnownFileType</key>
			<string>sourcecode.c.objc</string>
			<key>path</key>
			<string>NSData+Base64.m</string>
			<key>sourceTree</key>
			<string>&lt;group&gt;</string>
		</dict>
		<key>ABD6FC4016544EAD0032BC44</key>
		<dict>
			<key>fileRef</key>
			<string>ABD6FC3F16544EAD0032BC44</string>
			<key>isa</key>
			<string>PBXBuildFile</string>
		</dict>
		<key>ABD7D45D1616FC5B008B13B5</key>
		<dict>
			<key>fileEncoding</key>
			<string>4</string>
			<key>isa</key>
			<string>PBXFileReference</string>
			<key>lastKnownFileType</key>
			<string>sourcecode.c.h</string>
			<key>path</key>
			<string>BakerIssue.h</string>
			<key>sourceTree</key>
			<string>&lt;group&gt;</string>
		</dict>
		<key>ABD7D45E1616FC5B008B13B5</key>
		<dict>
			<key>fileEncoding</key>
			<string>4</string>
			<key>isa</key>
			<string>PBXFileReference</string>
			<key>lastKnownFileType</key>
			<string>sourcecode.c.objc</string>
			<key>path</key>
			<string>BakerIssue.m</string>
			<key>sourceTree</key>
			<string>&lt;group&gt;</string>
		</dict>
		<key>ABD7D45F1616FC5B008B13B5</key>
		<dict>
			<key>fileRef</key>
			<string>ABD7D45E1616FC5B008B13B5</string>
			<key>isa</key>
			<string>PBXBuildFile</string>
		</dict>
		<key>ABDC05AD16A4C42A00F6B63D</key>
		<dict>
			<key>fileEncoding</key>
			<string>4</string>
			<key>isa</key>
			<string>PBXFileReference</string>
			<key>lastKnownFileType</key>
			<string>sourcecode.c.h</string>
			<key>path</key>
			<string>JSONStatus.h</string>
			<key>sourceTree</key>
			<string>&lt;group&gt;</string>
		</dict>
		<key>ABDC05AE16A4C42A00F6B63D</key>
		<dict>
			<key>fileEncoding</key>
			<string>4</string>
			<key>isa</key>
			<string>PBXFileReference</string>
			<key>lastKnownFileType</key>
			<string>sourcecode.c.objc</string>
			<key>path</key>
			<string>JSONStatus.m</string>
			<key>sourceTree</key>
			<string>&lt;group&gt;</string>
		</dict>
		<key>ABDC05AF16A4C42A00F6B63D</key>
		<dict>
			<key>fileRef</key>
			<string>ABDC05AE16A4C42A00F6B63D</string>
			<key>isa</key>
			<string>PBXBuildFile</string>
		</dict>
		<key>ABDC05B016A4CB3900F6B63D</key>
		<dict>
			<key>fileEncoding</key>
			<string>4</string>
			<key>isa</key>
			<string>PBXFileReference</string>
			<key>lastKnownFileType</key>
			<string>sourcecode.c.h</string>
			<key>path</key>
			<string>ShelfStatus.h</string>
			<key>sourceTree</key>
			<string>&lt;group&gt;</string>
		</dict>
		<key>ABDC05B116A4CB3900F6B63D</key>
		<dict>
			<key>fileEncoding</key>
			<string>4</string>
			<key>isa</key>
			<string>PBXFileReference</string>
			<key>lastKnownFileType</key>
			<string>sourcecode.c.objc</string>
			<key>path</key>
			<string>ShelfStatus.m</string>
			<key>sourceTree</key>
			<string>&lt;group&gt;</string>
		</dict>
		<key>ABDC05B216A4CB3900F6B63D</key>
		<dict>
			<key>fileRef</key>
			<string>ABDC05B116A4CB3900F6B63D</string>
			<key>isa</key>
			<string>PBXBuildFile</string>
		</dict>
		<key>ABF23B1B1708418E003AA3B0</key>
		<dict>
			<key>fileEncoding</key>
			<string>4</string>
			<key>isa</key>
			<string>PBXFileReference</string>
			<key>lastKnownFileType</key>
			<string>sourcecode.c.h</string>
			<key>path</key>
			<string>BakerAPI.h</string>
			<key>sourceTree</key>
			<string>&lt;group&gt;</string>
		</dict>
		<key>ABF23B1C1708418E003AA3B0</key>
		<dict>
			<key>fileEncoding</key>
			<string>4</string>
			<key>isa</key>
			<string>PBXFileReference</string>
			<key>lastKnownFileType</key>
			<string>sourcecode.c.objc</string>
			<key>path</key>
			<string>BakerAPI.m</string>
			<key>sourceTree</key>
			<string>&lt;group&gt;</string>
		</dict>
		<key>ABF23B1D1708418E003AA3B0</key>
		<dict>
			<key>fileRef</key>
			<string>ABF23B1C1708418E003AA3B0</string>
			<key>isa</key>
			<string>PBXBuildFile</string>
		</dict>
		<key>BF0785EA1794AF4000EB988E</key>
		<dict>
			<key>isa</key>
			<string>PBXFileReference</string>
			<key>lastKnownFileType</key>
			<string>folder</string>
			<key>path</key>
			<string>info</string>
			<key>sourceTree</key>
			<string>&lt;group&gt;</string>
		</dict>
		<key>BF0785EB1794AF4000EB988E</key>
		<dict>
			<key>fileRef</key>
			<string>BF0785EA1794AF4000EB988E</string>
			<key>isa</key>
			<string>PBXBuildFile</string>
		</dict>
		<key>BF3CCC9D15D080560087B9CA</key>
		<dict>
			<key>children</key>
			<array/>
			<key>isa</key>
			<string>PBXGroup</string>
			<key>path</key>
			<string>icon</string>
			<key>sourceTree</key>
			<string>&lt;group&gt;</string>
		</dict>
		<key>BF78D1AF180C8F070093DFBC</key>
		<dict>
			<key>isa</key>
			<string>PBXFileReference</string>
			<key>lastKnownFileType</key>
			<string>folder.assetcatalog</string>
			<key>name</key>
			<string>BakerAssets.xcassets</string>
			<key>path</key>
			<string>Baker/BakerAssets.xcassets</string>
			<key>sourceTree</key>
			<string>&lt;group&gt;</string>
		</dict>
		<key>BF78D1B0180C8F070093DFBC</key>
		<dict>
			<key>fileRef</key>
			<string>BF78D1AF180C8F070093DFBC</string>
			<key>isa</key>
			<string>PBXBuildFile</string>
		</dict>
		<key>BFAB78D117B2A67E00E91ADE</key>
		<dict>
			<key>fileEncoding</key>
			<string>4</string>
			<key>isa</key>
			<string>PBXFileReference</string>
			<key>lastKnownFileType</key>
			<string>sourcecode.c.h</string>
			<key>path</key>
			<string>BakerAnalyticsEvents.h</string>
			<key>sourceTree</key>
			<string>&lt;group&gt;</string>
		</dict>
		<key>BFAB78D217B2A67E00E91ADE</key>
		<dict>
			<key>fileEncoding</key>
			<string>4</string>
			<key>isa</key>
			<string>PBXFileReference</string>
			<key>lastKnownFileType</key>
			<string>sourcecode.c.objc</string>
			<key>path</key>
			<string>BakerAnalyticsEvents.m</string>
			<key>sourceTree</key>
			<string>&lt;group&gt;</string>
		</dict>
		<key>BFAB78D317B2A67E00E91ADE</key>
		<dict>
			<key>fileRef</key>
			<string>BFAB78D217B2A67E00E91ADE</string>
			<key>isa</key>
			<string>PBXBuildFile</string>
		</dict>
		<key>C44A138618A70F47005058AE</key>
		<dict>
			<key>fileEncoding</key>
			<string>4</string>
			<key>isa</key>
			<string>PBXFileReference</string>
			<key>lastKnownFileType</key>
			<string>text</string>
			<key>path</key>
			<string>Podfile</string>
			<key>sourceTree</key>
			<string>&lt;group&gt;</string>
		</dict>
		<key>C44A138718A70F47005058AE</key>
		<dict>
			<key>fileRef</key>
			<string>C44A138618A70F47005058AE</string>
			<key>isa</key>
			<string>PBXBuildFile</string>
		</dict>
		<key>D9D7E7B0E7D446E089AA7189</key>
		<dict>
			<key>buildActionMask</key>
			<string>2147483647</string>
			<key>files</key>
			<array/>
			<key>inputPaths</key>
			<array/>
			<key>isa</key>
			<string>PBXShellScriptBuildPhase</string>
			<key>name</key>
			<string>Copy Pods Resources</string>
			<key>outputPaths</key>
			<array/>
			<key>runOnlyForDeploymentPostprocessing</key>
			<string>0</string>
			<key>shellPath</key>
			<string>/bin/sh</string>
			<key>shellScript</key>
			<string>"${SRCROOT}/Pods/Pods-Baker-resources.sh"
</string>
			<key>showEnvVarsInLog</key>
			<string>0</string>
		</dict>
	</dict>
	<key>rootObject</key>
	<string>ABAFB57E15AB9A2E002FA498</string>
</dict>
</plist>
